
Microsoft Visual Studio Solution File, Format Version 12.00
# Visual Studio Version 16
VisualStudioVersion = 25.0.1704.4
MinimumVisualStudioVersion = 10.0.40219.1
Project("{FAE04EC0-301F-11D3-BF4B-00C04F79EFBC}") = "PlaywrightTests", "PlaywrightTests.csproj", "{FA5E4EBD-51B6-4AD1-87DB-7F381049462B}"
EndProject
Global
	GlobalSection(SolutionConfigurationPlatforms) = preSolution
		Debug|Any CPU = Debug|Any CPU
		Release|Any CPU = Release|Any CPU
	EndGlobalSection
	GlobalSection(ProjectConfigurationPlatforms) = postSolution
		{FA5E4EBD-51B6-4AD1-87DB-7F381049462B}.Debug|Any CPU.ActiveCfg = Debug|Any CPU
		{FA5E4EBD-51B6-4AD1-87DB-7F381049462B}.Debug|Any CPU.Build.0 = Debug|Any CPU
		{FA5E4EBD-51B6-4AD1-87DB-7F381049462B}.Release|Any CPU.ActiveCfg = Release|Any CPU
		{FA5E4EBD-51B6-4AD1-87DB-7F381049462B}.Release|Any CPU.Build.0 = Release|Any CPU
	EndGlobalSection
	GlobalSection(SolutionProperties) = preSolution
		HideSolutionNode = FALSE
	EndGlobalSection
	GlobalSection(ExtensibilityGlobals) = postSolution
		SolutionGuid = {1E3A5257-139B-4B67-B32E-E880FF955282}
	EndGlobalSection
EndGlobal
